
Microsoft Visual Studio Solution File, Format Version 12.00
# Visual Studio Version 17
VisualStudioVersion = 17.13.35931.197 d17.13
MinimumVisualStudioVersion = 10.0.40219.1
Project("{FAE04EC0-301F-11D3-BF4B-00C04F79EFBC}") = "c-sharp-single-file-quick-start", "c-sharp-single-file-quick-start\c-sharp-single-file-quick-start.csproj", "{577B6845-3962-4992-B21F-1A28174BB316}"
EndProject
Global
	GlobalSection(SolutionConfigurationPlatforms) = preSolution
		Debug|Any CPU = Debug|Any CPU
		Release|Any CPU = Release|Any CPU
	EndGlobalSection
	GlobalSection(ProjectConfigurationPlatforms) = postSolution
		{577B6845-3962-4992-B21F-1A28174BB316}.Debug|Any CPU.ActiveCfg = Debug|Any CPU
		{577B6845-3962-4992-B21F-1A28174BB316}.Debug|Any CPU.Build.0 = Debug|Any CPU
		{577B6845-3962-4992-B21F-1A28174BB316}.Release|Any CPU.ActiveCfg = Release|Any CPU
		{577B6845-3962-4992-B21F-1A28174BB316}.Release|Any CPU.Build.0 = Release|Any CPU
	EndGlobalSection
	GlobalSection(SolutionProperties) = preSolution
		HideSolutionNode = FALSE
	EndGlobalSection
	GlobalSection(ExtensibilityGlobals) = postSolution
		SolutionGuid = {4522079E-5FBD-40DE-8F71-90F5CC9B8F1D}
	EndGlobalSection
EndGlobal
